
Microsoft Visual Studio Solution File, Format Version 12.00
# Visual Studio 15
VisualStudioVersion = 15.0.28307.902
MinimumVisualStudioVersion = 10.0.40219.1
Project("{FAE04EC0-301F-11D3-BF4B-00C04F79EFBC}") = "TP_LABS", "TP_LABS.csproj", "{BB88961F-861A-447C-8C1E-AD6189ADE278}"
EndProject
Global
	GlobalSection(SolutionConfigurationPlatforms) = preSolution
		Debug|Any CPU = Debug|Any CPU
		Release|Any CPU = Release|Any CPU
	EndGlobalSection
	GlobalSection(ProjectConfigurationPlatforms) = postSolution
		{BB88961F-861A-447C-8C1E-AD6189ADE278}.Debug|Any CPU.ActiveCfg = Debug|Any CPU
		{BB88961F-861A-447C-8C1E-AD6189ADE278}.Debug|Any CPU.Build.0 = Debug|Any CPU
		{BB88961F-861A-447C-8C1E-AD6189ADE278}.Release|Any CPU.ActiveCfg = Release|Any CPU
		{BB88961F-861A-447C-8C1E-AD6189ADE278}.Release|Any CPU.Build.0 = Release|Any CPU
	EndGlobalSection
	GlobalSection(SolutionProperties) = preSolution
		HideSolutionNode = FALSE
	EndGlobalSection
	GlobalSection(ExtensibilityGlobals) = postSolution
		SolutionGuid = {118AA863-23B1-4D4D-8E73-1834AE97D3E2}
	EndGlobalSection
EndGlobal
