
Microsoft Visual Studio Solution File, Format Version 12.00
# Visual Studio Version 16
VisualStudioVersion = 16.0.29324.140
MinimumVisualStudioVersion = 10.0.40219.1
Project("{FAE04EC0-301F-11D3-BF4B-00C04F79EFBC}") = "TP_LABS", "TP_LABS.csproj", "{BB88961F-861A-447C-8C1E-AD6189ADE278}"
EndProject
Global
	GlobalSection(SolutionConfigurationPlatforms) = preSolution
		Debug|Any CPU = Debug|Any CPU
		Release|Any CPU = Release|Any CPU
	EndGlobalSection
	GlobalSection(ProjectConfigurationPlatforms) = postSolution
		{BB88961F-861A-447C-8C1E-AD6189ADE278}.Debug|Any CPU.ActiveCfg = Debug|Any CPU
		{BB88961F-861A-447C-8C1E-AD6189ADE278}.Debug|Any CPU.Build.0 = Debug|Any CPU
		{BB88961F-861A-447C-8C1E-AD6189ADE278}.Release|Any CPU.ActiveCfg = Release|Any CPU
		{BB88961F-861A-447C-8C1E-AD6189ADE278}.Release|Any CPU.Build.0 = Release|Any CPU
	EndGlobalSection
	GlobalSection(SolutionProperties) = preSolution
		HideSolutionNode = FALSE
	EndGlobalSection
	GlobalSection(ExtensibilityGlobals) = postSolution
		SolutionGuid = {E725E4B9-FD60-4D8F-AA8D-6B1B2F436179}
	EndGlobalSection
EndGlobal
